<?xml version="1.0" encoding="utf-8"?>
<Project ToolsVersion="4.0" xmlns="http://schemas.microsoft.com/developer/msbuild/2003">
  <ItemGroup>
    <Filter Include="Source Files">
      <UniqueIdentifier>{4FC737F1-C7A5-4376-A066-2A32D752A2FF}</UniqueIdentifier>
      <Extensions>cpp;c;cc;cxx;def;odl;idl;hpj;bat;asm;asmx</Extensions>
    </Filter>
    <Filter Include="Header Files">
      <UniqueIdentifier>{93995380-89BD-4b04-88EB-625FBE52EBFB}</UniqueIdentifier>
      <Extensions>h;hh;hpp;hxx;hm;inl;inc;xsd</Extensions>
    </Filter>
    <Filter Include="Resource Files">
      <UniqueIdentifier>{67DA6AB6-F800-4c08-8B7A-83BB121AAD01}</UniqueIdentifier>
      <Extensions>rc;ico;cur;bmp;dlg;rc2;rct;bin;rgs;gif;jpg;jpeg;jpe;resx;tiff;tif;png;wav;mfcribbon-ms</Extensions>
    </Filter>
    <Filter Include="Source Files\Engine-Main">
      <UniqueIdentifier>{c0e2391b-6756-4353-89a8-f376eba1580b}</UniqueIdentifier>
    </Filter>
    <Filter Include="Header Files\Graphics_Engine">
      <UniqueIdentifier>{37bded17-cf72-49d1-8ade-c35d81b5243d}</UniqueIdentifier>
    </Filter>
    <Filter Include="Library">
      <UniqueIdentifier>{c1a49910-a459-4d45-bdf5-ea8ac2a7f02a}</UniqueIdentifier>
    </Filter>
    <Filter Include="Library\OpenGL">
      <UniqueIdentifier>{c7457c6c-5273-45a4-8c2f-4d18e359afc3}</UniqueIdentifier>
    </Filter>
    <Filter Include="Source Files\Graphics-Engine">
      <UniqueIdentifier>{54e93c5a-02a0-487f-a647-4a042e605f80}</UniqueIdentifier>
    </Filter>
  </ItemGroup>
  <ItemGroup>
    <ClCompile Include="src\Engine-Main\engine-main.cpp">
      <Filter>Source Files\Engine-Main</Filter>
    </ClCompile>
    <ClCompile Include="Lib\OpenGl-4-3\gl_core_4_3.cpp">
      <Filter>Library\OpenGL</Filter>
    </ClCompile>
    <ClCompile Include="src\Graphics-Engine\window-manager.cpp">
      <Filter>Source Files\Graphics-Engine</Filter>
    </ClCompile>
    <ClCompile Include="src\Graphics-Engine\shader-manager.cpp">
      <Filter>Source Files\Graphics-Engine</Filter>
    </ClCompile>
    <ClCompile Include="src\Graphics-Engine\camera.cpp">
      <Filter>Source Files\Graphics-Engine</Filter>
    </ClCompile>
  </ItemGroup>
  <ItemGroup>
    <ClInclude Include="src\Graphics-Engine\window-manager.h">
      <Filter>Header Files\Graphics_Engine</Filter>
    </ClInclude>
    <ClInclude Include="Lib\OpenGl-4-3\gl_core_4_3.hpp">
      <Filter>Library\OpenGL</Filter>
    </ClInclude>
    <ClInclude Include="src\Graphics-Engine\shader-manager.h">
      <Filter>Header Files\Graphics_Engine</Filter>
    </ClInclude>
    <ClInclude Include="src\Graphics-Engine\camera.h">
      <Filter>Header Files\Graphics_Engine</Filter>
    </ClInclude>
  </ItemGroup>
</Project>